// !$*UTF8*$!
{
	archiveVersion = 1;
	classes = {
	};
	objectVersion = 56;
	objects = {

/* Begin PBXBuildFile section */
		3D9E75F62AD2E26000412E45 /* PresentMeApp.swift in Sources */ = {isa = PBXBuildFile; fileRef = 3D9E75F52AD2E26000412E45 /* PresentMeApp.swift */; };
		3D9E75F82AD2E26000412E45 /* ContentView.swift in Sources */ = {isa = PBXBuildFile; fileRef = 3D9E75F72AD2E26000412E45 /* ContentView.swift */; };
		3D9E75FA2AD2E26100412E45 /* Assets.xcassets in Resources */ = {isa = PBXBuildFile; fileRef = 3D9E75F92AD2E26100412E45 /* Assets.xcassets */; };
		3D9E75FD2AD2E26100412E45 /* Preview Assets.xcassets in Resources */ = {isa = PBXBuildFile; fileRef = 3D9E75FC2AD2E26100412E45 /* Preview Assets.xcassets */; };
		3D9E76072AD2E26100412E45 /* PresentMeTests.swift in Sources */ = {isa = PBXBuildFile; fileRef = 3D9E76062AD2E26100412E45 /* PresentMeTests.swift */; };
		3D9E76112AD2E26100412E45 /* PresentMeUITests.swift in Sources */ = {isa = PBXBuildFile; fileRef = 3D9E76102AD2E26100412E45 /* PresentMeUITests.swift */; };
		3D9E76132AD2E26100412E45 /* PresentMeUITestsLaunchTests.swift in Sources */ = {isa = PBXBuildFile; fileRef = 3D9E76122AD2E26100412E45 /* PresentMeUITestsLaunchTests.swift */; };
		56EA023A2AD2F3FD00B60796 /* File.swift in Sources */ = {isa = PBXBuildFile; fileRef = 56EA02392AD2F3FD00B60796 /* File.swift */; };
/* End PBXBuildFile section */

/* Begin PBXContainerItemProxy section */
		3D9E76032AD2E26100412E45 /* PBXContainerItemProxy */ = {
			isa = PBXContainerItemProxy;
			containerPortal = 3D9E75EA2AD2E26000412E45 /* Project object */;
			proxyType = 1;
			remoteGlobalIDString = 3D9E75F12AD2E26000412E45;
			remoteInfo = PresentMe;
		};
		3D9E760D2AD2E26100412E45 /* PBXContainerItemProxy */ = {
			isa = PBXContainerItemProxy;
			containerPortal = 3D9E75EA2AD2E26000412E45 /* Project object */;
			proxyType = 1;
			remoteGlobalIDString = 3D9E75F12AD2E26000412E45;
			remoteInfo = PresentMe;
		};
/* End PBXContainerItemProxy section */

/* Begin PBXFileReference section */
		3D9E75F22AD2E26000412E45 /* PresentMe.app */ = {isa = PBXFileReference; explicitFileType = wrapper.application; includeInIndex = 0; path = PresentMe.app; sourceTree = BUILT_PRODUCTS_DIR; };
		3D9E75F52AD2E26000412E45 /* PresentMeApp.swift */ = {isa = PBXFileReference; lastKnownFileType = sourcecode.swift; path = PresentMeApp.swift; sourceTree = "<group>"; };
		3D9E75F72AD2E26000412E45 /* ContentView.swift */ = {isa = PBXFileReference; lastKnownFileType = sourcecode.swift; path = ContentView.swift; sourceTree = "<group>"; };
		3D9E75F92AD2E26100412E45 /* Assets.xcassets */ = {isa = PBXFileReference; lastKnownFileType = folder.assetcatalog; path = Assets.xcassets; sourceTree = "<group>"; };
		3D9E75FC2AD2E26100412E45 /* Preview Assets.xcassets */ = {isa = PBXFileReference; lastKnownFileType = folder.assetcatalog; path = "Preview Assets.xcassets"; sourceTree = "<group>"; };
		3D9E76022AD2E26100412E45 /* PresentMeTests.xctest */ = {isa = PBXFileReference; explicitFileType = wrapper.cfbundle; includeInIndex = 0; path = PresentMeTests.xctest; sourceTree = BUILT_PRODUCTS_DIR; };
		3D9E76062AD2E26100412E45 /* PresentMeTests.swift */ = {isa = PBXFileReference; lastKnownFileType = sourcecode.swift; path = PresentMeTests.swift; sourceTree = "<group>"; };
		3D9E760C2AD2E26100412E45 /* PresentMeUITests.xctest */ = {isa = PBXFileReference; explicitFileType = wrapper.cfbundle; includeInIndex = 0; path = PresentMeUITests.xctest; sourceTree = BUILT_PRODUCTS_DIR; };
		3D9E76102AD2E26100412E45 /* PresentMeUITests.swift */ = {isa = PBXFileReference; lastKnownFileType = sourcecode.swift; path = PresentMeUITests.swift; sourceTree = "<group>"; };
		3D9E76122AD2E26100412E45 /* PresentMeUITestsLaunchTests.swift */ = {isa = PBXFileReference; lastKnownFileType = sourcecode.swift; path = PresentMeUITestsLaunchTests.swift; sourceTree = "<group>"; };
		56EA02392AD2F3FD00B60796 /* File.swift */ = {isa = PBXFileReference; lastKnownFileType = sourcecode.swift; path = File.swift; sourceTree = "<group>"; };
/* End PBXFileReference section */

/* Begin PBXFrameworksBuildPhase section */
		3D9E75EF2AD2E26000412E45 /* Frameworks */ = {
			isa = PBXFrameworksBuildPhase;
			buildActionMask = 2147483647;
			files = (
			);
			runOnlyForDeploymentPostprocessing = 0;
		};
		3D9E75FF2AD2E26100412E45 /* Frameworks */ = {
			isa = PBXFrameworksBuildPhase;
			buildActionMask = 2147483647;
			files = (
			);
			runOnlyForDeploymentPostprocessing = 0;
		};
		3D9E76092AD2E26100412E45 /* Frameworks */ = {
			isa = PBXFrameworksBuildPhase;
			buildActionMask = 2147483647;
			files = (
			);
			runOnlyForDeploymentPostprocessing = 0;
		};
/* End PBXFrameworksBuildPhase section */

/* Begin PBXGroup section */
		3D9E75E92AD2E26000412E45 = {
			isa = PBXGroup;
			children = (
				3D9E75F42AD2E26000412E45 /* PresentMe */,
				3D9E76052AD2E26100412E45 /* PresentMeTests */,
				3D9E760F2AD2E26100412E45 /* PresentMeUITests */,
				3D9E75F32AD2E26000412E45 /* Products */,
			);
			sourceTree = "<group>";
		};
		3D9E75F32AD2E26000412E45 /* Products */ = {
			isa = PBXGroup;
			children = (
				3D9E75F22AD2E26000412E45 /* PresentMe.app */,
				3D9E76022AD2E26100412E45 /* PresentMeTests.xctest */,
				3D9E760C2AD2E26100412E45 /* PresentMeUITests.xctest */,
			);
			name = Products;
			sourceTree = "<group>";
		};
		3D9E75F42AD2E26000412E45 /* PresentMe */ = {
			isa = PBXGroup;
			children = (
				3D9E75F52AD2E26000412E45 /* PresentMeApp.swift */,
				3D9E75F72AD2E26000412E45 /* ContentView.swift */,
				3D9E75F92AD2E26100412E45 /* Assets.xcassets */,
				3D9E75FB2AD2E26100412E45 /* Preview Content */,
				56EA02392AD2F3FD00B60796 /* File.swift */,
			);
			path = PresentMe;
			sourceTree = "<group>";
		};
		3D9E75FB2AD2E26100412E45 /* Preview Content */ = {
			isa = PBXGroup;
			children = (
				3D9E75FC2AD2E26100412E45 /* Preview Assets.xcassets */,
			);
			path = "Preview Content";
			sourceTree = "<group>";
		};
		3D9E76052AD2E26100412E45 /* PresentMeTests */ = {
			isa = PBXGroup;
			children = (
				3D9E76062AD2E26100412E45 /* PresentMeTests.swift */,
			);
			path = PresentMeTests;
			sourceTree = "<group>";
		};
		3D9E760F2AD2E26100412E45 /* PresentMeUITests */ = {
			isa = PBXGroup;
			children = (
				3D9E76102AD2E26100412E45 /* PresentMeUITests.swift */,
				3D9E76122AD2E26100412E45 /* PresentMeUITestsLaunchTests.swift */,
			);
			path = PresentMeUITests;
			sourceTree = "<group>";
		};
/* End PBXGroup section */

/* Begin PBXNativeTarget section */
		3D9E75F12AD2E26000412E45 /* PresentMe */ = {
			isa = PBXNativeTarget;
			buildConfigurationList = 3D9E76162AD2E26100412E45 /* Build configuration list for PBXNativeTarget "PresentMe" */;
			buildPhases = (
				3D9E75EE2AD2E26000412E45 /* Sources */,
				3D9E75EF2AD2E26000412E45 /* Frameworks */,
				3D9E75F02AD2E26000412E45 /* Resources */,
			);
			buildRules = (
			);
			dependencies = (
			);
			name = PresentMe;
			productName = PresentMe;
			productReference = 3D9E75F22AD2E26000412E45 /* PresentMe.app */;
			productType = "com.apple.product-type.application";
		};
		3D9E76012AD2E26100412E45 /* PresentMeTests */ = {
			isa = PBXNativeTarget;
			buildConfigurationList = 3D9E76192AD2E26100412E45 /* Build configuration list for PBXNativeTarget "PresentMeTests" */;
			buildPhases = (
				3D9E75FE2AD2E26100412E45 /* Sources */,
				3D9E75FF2AD2E26100412E45 /* Frameworks */,
				3D9E76002AD2E26100412E45 /* Resources */,
			);
			buildRules = (
			);
			dependencies = (
				3D9E76042AD2E26100412E45 /* PBXTargetDependency */,
			);
			name = PresentMeTests;
			productName = PresentMeTests;
			productReference = 3D9E76022AD2E26100412E45 /* PresentMeTests.xctest */;
			productType = "com.apple.product-type.bundle.unit-test";
		};
		3D9E760B2AD2E26100412E45 /* PresentMeUITests */ = {
			isa = PBXNativeTarget;
			buildConfigurationList = 3D9E761C2AD2E26100412E45 /* Build configuration list for PBXNativeTarget "PresentMeUITests" */;
			buildPhases = (
				3D9E76082AD2E26100412E45 /* Sources */,
				3D9E76092AD2E26100412E45 /* Frameworks */,
				3D9E760A2AD2E26100412E45 /* Resources */,
			);
			buildRules = (
			);
			dependencies = (
				3D9E760E2AD2E26100412E45 /* PBXTargetDependency */,
			);
			name = PresentMeUITests;
			productName = PresentMeUITests;
			productReference = 3D9E760C2AD2E26100412E45 /* PresentMeUITests.xctest */;
			productType = "com.apple.product-type.bundle.ui-testing";
		};
/* End PBXNativeTarget section */

/* Begin PBXProject section */
		3D9E75EA2AD2E26000412E45 /* Project object */ = {
			isa = PBXProject;
			attributes = {
				BuildIndependentTargetsInParallel = 1;
				LastSwiftUpdateCheck = 1500;
				LastUpgradeCheck = 1500;
				TargetAttributes = {
					3D9E75F12AD2E26000412E45 = {
						CreatedOnToolsVersion = 15.0;
					};
					3D9E76012AD2E26100412E45 = {
						CreatedOnToolsVersion = 15.0;
						TestTargetID = 3D9E75F12AD2E26000412E45;
					};
					3D9E760B2AD2E26100412E45 = {
						CreatedOnToolsVersion = 15.0;
						TestTargetID = 3D9E75F12AD2E26000412E45;
					};
				};
			};
			buildConfigurationList = 3D9E75ED2AD2E26000412E45 /* Build configuration list for PBXProject "PresentMe" */;
			compatibilityVersion = "Xcode 14.0";
			developmentRegion = en;
			hasScannedForEncodings = 0;
			knownRegions = (
				en,
				Base,
			);
			mainGroup = 3D9E75E92AD2E26000412E45;
			productRefGroup = 3D9E75F32AD2E26000412E45 /* Products */;
			projectDirPath = "";
			projectRoot = "";
			targets = (
				3D9E75F12AD2E26000412E45 /* PresentMe */,
				3D9E76012AD2E26100412E45 /* PresentMeTests */,
				3D9E760B2AD2E26100412E45 /* PresentMeUITests */,
			);
		};
/* End PBXProject section */

/* Begin PBXResourcesBuildPhase section */
		3D9E75F02AD2E26000412E45 /* Resources */ = {
			isa = PBXResourcesBuildPhase;
			buildActionMask = 2147483647;
			files = (
				3D9E75FD2AD2E26100412E45 /* Preview Assets.xcassets in Resources */,
				3D9E75FA2AD2E26100412E45 /* Assets.xcassets in Resources */,
			);
			runOnlyForDeploymentPostprocessing = 0;
		};
		3D9E76002AD2E26100412E45 /* Resources */ = {
			isa = PBXResourcesBuildPhase;
			buildActionMask = 2147483647;
			files = (
			);
			runOnlyForDeploymentPostprocessing = 0;
		};
		3D9E760A2AD2E26100412E45 /* Resources */ = {
			isa = PBXResourcesBuildPhase;
			buildActionMask = 2147483647;
			files = (
			);
			runOnlyForDeploymentPostprocessing = 0;
		};
/* End PBXResourcesBuildPhase section */

/* Begin PBXSourcesBuildPhase section */
		3D9E75EE2AD2E26000412E45 /* Sources */ = {
			isa = PBXSourcesBuildPhase;
			buildActionMask = 2147483647;
			files = (
				3D9E75F82AD2E26000412E45 /* ContentView.swift in Sources */,
				56EA023A2AD2F3FD00B60796 /* File.swift in Sources */,
				3D9E75F62AD2E26000412E45 /* PresentMeApp.swift in Sources */,
			);
			runOnlyForDeploymentPostprocessing = 0;
		};
		3D9E75FE2AD2E26100412E45 /* Sources */ = {
			isa = PBXSourcesBuildPhase;
			buildActionMask = 2147483647;
			files = (
				3D9E76072AD2E26100412E45 /* PresentMeTests.swift in Sources */,
			);
			runOnlyForDeploymentPostprocessing = 0;
		};
		3D9E76082AD2E26100412E45 /* Sources */ = {
			isa = PBXSourcesBuildPhase;
			buildActionMask = 2147483647;
			files = (
				3D9E76132AD2E26100412E45 /* PresentMeUITestsLaunchTests.swift in Sources */,
				3D9E76112AD2E26100412E45 /* PresentMeUITests.swift in Sources */,
			);
			runOnlyForDeploymentPostprocessing = 0;
		};
/* End PBXSourcesBuildPhase section */

/* Begin PBXTargetDependency section */
		3D9E76042AD2E26100412E45 /* PBXTargetDependency */ = {
			isa = PBXTargetDependency;
			target = 3D9E75F12AD2E26000412E45 /* PresentMe */;
			targetProxy = 3D9E76032AD2E26100412E45 /* PBXContainerItemProxy */;
		};
		3D9E760E2AD2E26100412E45 /* PBXTargetDependency */ = {
			isa = PBXTargetDependency;
			target = 3D9E75F12AD2E26000412E45 /* PresentMe */;
			targetProxy = 3D9E760D2AD2E26100412E45 /* PBXContainerItemProxy */;
		};
/* End PBXTargetDependency section */

/* Begin XCBuildConfiguration section */
		3D9E76142AD2E26100412E45 /* Debug */ = {
			isa = XCBuildConfiguration;
			buildSettings = {
				ALWAYS_SEARCH_USER_PATHS = NO;
				ASSETCATALOG_COMPILER_GENERATE_SWIFT_ASSET_SYMBOL_EXTENSIONS = YES;
				CLANG_ANALYZER_NONNULL = YES;
				CLANG_ANALYZER_NUMBER_OBJECT_CONVERSION = YES_AGGRESSIVE;
				CLANG_CXX_LANGUAGE_STANDARD = "gnu++20";
				CLANG_ENABLE_MODULES = YES;
				CLANG_ENABLE_OBJC_ARC = YES;
				CLANG_ENABLE_OBJC_WEAK = YES;
				CLANG_WARN_BLOCK_CAPTURE_AUTORELEASING = YES;
				CLANG_WARN_BOOL_CONVERSION = YES;
				CLANG_WARN_COMMA = YES;
				CLANG_WARN_CONSTANT_CONVERSION = YES;
				CLANG_WARN_DEPRECATED_OBJC_IMPLEMENTATIONS = YES;
				CLANG_WARN_DIRECT_OBJC_ISA_USAGE = YES_ERROR;
				CLANG_WARN_DOCUMENTATION_COMMENTS = YES;
				CLANG_WARN_EMPTY_BODY = YES;
				CLANG_WARN_ENUM_CONVERSION = YES;
				CLANG_WARN_INFINITE_RECURSION = YES;
				CLANG_WARN_INT_CONVERSION = YES;
				CLANG_WARN_NON_LITERAL_NULL_CONVERSION = YES;
				CLANG_WARN_OBJC_IMPLICIT_RETAIN_SELF = YES;
				CLANG_WARN_OBJC_LITERAL_CONVERSION = YES;
				CLANG_WARN_OBJC_ROOT_CLASS = YES_ERROR;
				CLANG_WARN_QUOTED_INCLUDE_IN_FRAMEWORK_HEADER = YES;
				CLANG_WARN_RANGE_LOOP_ANALYSIS = YES;
				CLANG_WARN_STRICT_PROTOTYPES = YES;
				CLANG_WARN_SUSPICIOUS_MOVE = YES;
				CLANG_WARN_UNGUARDED_AVAILABILITY = YES_AGGRESSIVE;
				CLANG_WARN_UNREACHABLE_CODE = YES;
				CLANG_WARN__DUPLICATE_METHOD_MATCH = YES;
				COPY_PHASE_STRIP = NO;
				DEBUG_INFORMATION_FORMAT = dwarf;
				ENABLE_STRICT_OBJC_MSGSEND = YES;
				ENABLE_TESTABILITY = YES;
				ENABLE_USER_SCRIPT_SANDBOXING = YES;
				GCC_C_LANGUAGE_STANDARD = gnu17;
				GCC_DYNAMIC_NO_PIC = NO;
				GCC_NO_COMMON_BLOCKS = YES;
				GCC_OPTIMIZATION_LEVEL = 0;
				GCC_PREPROCESSOR_DEFINITIONS = (
					"DEBUG=1",
					"$(inherited)",
				);
				GCC_WARN_64_TO_32_BIT_CONVERSION = YES;
				GCC_WARN_ABOUT_RETURN_TYPE = YES_ERROR;
				GCC_WARN_UNDECLARED_SELECTOR = YES;
				GCC_WARN_UNINITIALIZED_AUTOS = YES_AGGRESSIVE;
				GCC_WARN_UNUSED_FUNCTION = YES;
				GCC_WARN_UNUSED_VARIABLE = YES;
				IPHONEOS_DEPLOYMENT_TARGET = 17.0;
				LOCALIZATION_PREFERS_STRING_CATALOGS = YES;
				MTL_ENABLE_DEBUG_INFO = INCLUDE_SOURCE;
				MTL_FAST_MATH = YES;
				ONLY_ACTIVE_ARCH = YES;
				SDKROOT = iphoneos;
				SWIFT_ACTIVE_COMPILATION_CONDITIONS = "DEBUG $(inherited)";
				SWIFT_OPTIMIZATION_LEVEL = "-Onone";
			};
			name = Debug;
		};
		3D9E76152AD2E26100412E45 /* Release */ = {
			isa = XCBuildConfiguration;
			buildSettings = {
				ALWAYS_SEARCH_USER_PATHS = NO;
				ASSETCATALOG_COMPILER_GENERATE_SWIFT_ASSET_SYMBOL_EXTENSIONS = YES;
				CLANG_ANALYZER_NONNULL = YES;
				CLANG_ANALYZER_NUMBER_OBJECT_CONVERSION = YES_AGGRESSIVE;
				CLANG_CXX_LANGUAGE_STANDARD = "gnu++20";
				CLANG_ENABLE_MODULES = YES;
				CLANG_ENABLE_OBJC_ARC = YES;
				CLANG_ENABLE_OBJC_WEAK = YES;
				CLANG_WARN_BLOCK_CAPTURE_AUTORELEASING = YES;
				CLANG_WARN_BOOL_CONVERSION = YES;
				CLANG_WARN_COMMA = YES;
				CLANG_WARN_CONSTANT_CONVERSION = YES;
				CLANG_WARN_DEPRECATED_OBJC_IMPLEMENTATIONS = YES;
				CLANG_WARN_DIRECT_OBJC_ISA_USAGE = YES_ERROR;
				CLANG_WARN_DOCUMENTATION_COMMENTS = YES;
				CLANG_WARN_EMPTY_BODY = YES;
				CLANG_WARN_ENUM_CONVERSION = YES;
				CLANG_WARN_INFINITE_RECURSION = YES;
				CLANG_WARN_INT_CONVERSION = YES;
				CLANG_WARN_NON_LITERAL_NULL_CONVERSION = YES;
				CLANG_WARN_OBJC_IMPLICIT_RETAIN_SELF = YES;
				CLANG_WARN_OBJC_LITERAL_CONVERSION = YES;
				CLANG_WARN_OBJC_ROOT_CLASS = YES_ERROR;
				CLANG_WARN_QUOTED_INCLUDE_IN_FRAMEWORK_HEADER = YES;
				CLANG_WARN_RANGE_LOOP_ANALYSIS = YES;
				CLANG_WARN_STRICT_PROTOTYPES = YES;
				CLANG_WARN_SUSPICIOUS_MOVE = YES;
				CLANG_WARN_UNGUARDED_AVAILABILITY = YES_AGGRESSIVE;
				CLANG_WARN_UNREACHABLE_CODE = YES;
				CLANG_WARN__DUPLICATE_METHOD_MATCH = YES;
				COPY_PHASE_STRIP = NO;
				DEBUG_INFORMATION_FORMAT = "dwarf-with-dsym";
				ENABLE_NS_ASSERTIONS = NO;
				ENABLE_STRICT_OBJC_MSGSEND = YES;
				ENABLE_USER_SCRIPT_SANDBOXING = YES;
				GCC_C_LANGUAGE_STANDARD = gnu17;
				GCC_NO_COMMON_BLOCKS = YES;
				GCC_WARN_64_TO_32_BIT_CONVERSION = YES;
				GCC_WARN_ABOUT_RETURN_TYPE = YES_ERROR;
				GCC_WARN_UNDECLARED_SELECTOR = YES;
				GCC_WARN_UNINITIALIZED_AUTOS = YES_AGGRESSIVE;
				GCC_WARN_UNUSED_FUNCTION = YES;
				GCC_WARN_UNUSED_VARIABLE = YES;
				IPHONEOS_DEPLOYMENT_TARGET = 17.0;
				LOCALIZATION_PREFERS_STRING_CATALOGS = YES;
				MTL_ENABLE_DEBUG_INFO = NO;
				MTL_FAST_MATH = YES;
				SDKROOT = iphoneos;
				SWIFT_COMPILATION_MODE = wholemodule;
				VALIDATE_PRODUCT = YES;
			};
			name = Release;
		};
		3D9E76172AD2E26100412E45 /* Debug */ = {
			isa = XCBuildConfiguration;
			buildSettings = {
				ASSETCATALOG_COMPILER_APPICON_NAME = AppIcon;
				ASSETCATALOG_COMPILER_GLOBAL_ACCENT_COLOR_NAME = AccentColor;
				CODE_SIGN_STYLE = Automatic;
				CURRENT_PROJECT_VERSION = 1;
				DEVELOPMENT_ASSET_PATHS = "\"PresentMe/Preview Content\"";
				ENABLE_PREVIEWS = YES;
				GENERATE_INFOPLIST_FILE = YES;
				INFOPLIST_KEY_UIApplicationSceneManifest_Generation = YES;
				INFOPLIST_KEY_UIApplicationSupportsIndirectInputEvents = YES;
				INFOPLIST_KEY_UILaunchScreen_Generation = YES;
				INFOPLIST_KEY_UISupportedInterfaceOrientations_iPad = "UIInterfaceOrientationPortrait UIInterfaceOrientationPortraitUpsideDown UIInterfaceOrientationLandscapeLeft UIInterfaceOrientationLandscapeRight";
				INFOPLIST_KEY_UISupportedInterfaceOrientations_iPhone = "UIInterfaceOrientationPortrait UIInterfaceOrientationLandscapeLeft UIInterfaceOrientationLandscapeRight";
				LD_RUNPATH_SEARCH_PATHS = (
					"$(inherited)",
					"@executable_path/Frameworks",
				);
				MARKETING_VERSION = 1.0;
				PRODUCT_BUNDLE_IDENTIFIER = Presentme.PresentMe;
				PRODUCT_NAME = "$(TARGET_NAME)";
				SWIFT_EMIT_LOC_STRINGS = YES;
				SWIFT_VERSION = 5.0;
				TARGETED_DEVICE_FAMILY = "1,2";
			};
			name = Debug;
		};
		3D9E76182AD2E26100412E45 /* Release */ = {
			isa = XCBuildConfiguration;
			buildSettings = {
				ASSETCATALOG_COMPILER_APPICON_NAME = AppIcon;
				ASSETCATALOG_COMPILER_GLOBAL_ACCENT_COLOR_NAME = AccentColor;
				CODE_SIGN_STYLE = Automatic;
				CURRENT_PROJECT_VERSION = 1;
				DEVELOPMENT_ASSET_PATHS = "\"PresentMe/Preview Content\"";
				ENABLE_PREVIEWS = YES;
				GENERATE_INFOPLIST_FILE = YES;
				INFOPLIST_KEY_UIApplicationSceneManifest_Generation = YES;
				INFOPLIST_KEY_UIApplicationSupportsIndirectInputEvents = YES;
				INFOPLIST_KEY_UILaunchScreen_Generation = YES;
				INFOPLIST_KEY_UISupportedInterfaceOrientations_iPad = "UIInterfaceOrientationPortrait UIInterfaceOrientationPortraitUpsideDown UIInterfaceOrientationLandscapeLeft UIInterfaceOrientationLandscapeRight";
				INFOPLIST_KEY_UISupportedInterfaceOrientations_iPhone = "UIInterfaceOrientationPortrait UIInterfaceOrientationLandscapeLeft UIInterfaceOrientationLandscapeRight";
				LD_RUNPATH_SEARCH_PATHS = (
					"$(inherited)",
					"@executable_path/Frameworks",
				);
				MARKETING_VERSION = 1.0;
				PRODUCT_BUNDLE_IDENTIFIER = Presentme.PresentMe;
				PRODUCT_NAME = "$(TARGET_NAME)";
				SWIFT_EMIT_LOC_STRINGS = YES;
				SWIFT_VERSION = 5.0;
				TARGETED_DEVICE_FAMILY = "1,2";
			};
			name = Release;
		};
		3D9E761A2AD2E26100412E45 /* Debug */ = {
			isa = XCBuildConfiguration;
			buildSettings = {
				ALWAYS_EMBED_SWIFT_STANDARD_LIBRARIES = YES;
				BUNDLE_LOADER = "$(TEST_HOST)";
				CODE_SIGN_STYLE = Automatic;
				CURRENT_PROJECT_VERSION = 1;
				GENERATE_INFOPLIST_FILE = YES;
				IPHONEOS_DEPLOYMENT_TARGET = 17.0;
				MARKETING_VERSION = 1.0;
				PRODUCT_BUNDLE_IDENTIFIER = Presentme.PresentMeTests;
				PRODUCT_NAME = "$(TARGET_NAME)";
				SWIFT_EMIT_LOC_STRINGS = NO;
				SWIFT_VERSION = 5.0;
				TARGETED_DEVICE_FAMILY = "1,2";
				TEST_HOST = "$(BUILT_PRODUCTS_DIR)/PresentMe.app/$(BUNDLE_EXECUTABLE_FOLDER_PATH)/PresentMe";
			};
			name = Debug;
		};
		3D9E761B2AD2E26100412E45 /* Release */ = {
			isa = XCBuildConfiguration;
			buildSettings = {
				ALWAYS_EMBED_SWIFT_STANDARD_LIBRARIES = YES;
				BUNDLE_LOADER = "$(TEST_HOST)";
				CODE_SIGN_STYLE = Automatic;
				CURRENT_PROJECT_VERSION = 1;
				GENERATE_INFOPLIST_FILE = YES;
				IPHONEOS_DEPLOYMENT_TARGET = 17.0;
				MARKETING_VERSION = 1.0;
				PRODUCT_BUNDLE_IDENTIFIER = Presentme.PresentMeTests;
				PRODUCT_NAME = "$(TARGET_NAME)";
				SWIFT_EMIT_LOC_STRINGS = NO;
				SWIFT_VERSION = 5.0;
				TARGETED_DEVICE_FAMILY = "1,2";
				TEST_HOST = "$(BUILT_PRODUCTS_DIR)/PresentMe.app/$(BUNDLE_EXECUTABLE_FOLDER_PATH)/PresentMe";
			};
			name = Release;
		};
		3D9E761D2AD2E26100412E45 /* Debug */ = {
			isa = XCBuildConfiguration;
			buildSettings = {
				ALWAYS_EMBED_SWIFT_STANDARD_LIBRARIES = YES;
				CODE_SIGN_STYLE = Automatic;
				CURRENT_PROJECT_VERSION = 1;
				GENERATE_INFOPLIST_FILE = YES;
				MARKETING_VERSION = 1.0;
				PRODUCT_BUNDLE_IDENTIFIER = Presentme.PresentMeUITests;
				PRODUCT_NAME = "$(TARGET_NAME)";
				SWIFT_EMIT_LOC_STRINGS = NO;
				SWIFT_VERSION = 5.0;
				TARGETED_DEVICE_FAMILY = "1,2";
				TEST_TARGET_NAME = PresentMe;
			};
			name = Debug;
		};
		3D9E761E2AD2E26100412E45 /* Release */ = {
			isa = XCBuildConfiguration;
			buildSettings = {
				ALWAYS_EMBED_SWIFT_STANDARD_LIBRARIES = YES;
				CODE_SIGN_STYLE = Automatic;
				CURRENT_PROJECT_VERSION = 1;
				GENERATE_INFOPLIST_FILE = YES;
				MARKETING_VERSION = 1.0;
				PRODUCT_BUNDLE_IDENTIFIER = Presentme.PresentMeUITests;
				PRODUCT_NAME = "$(TARGET_NAME)";
				SWIFT_EMIT_LOC_STRINGS = NO;
				SWIFT_VERSION = 5.0;
				TARGETED_DEVICE_FAMILY = "1,2";
				TEST_TARGET_NAME = PresentMe;
			};
			name = Release;
		};
/* End XCBuildConfiguration section */

/* Begin XCConfigurationList section */
		3D9E75ED2AD2E26000412E45 /* Build configuration list for PBXProject "PresentMe" */ = {
			isa = XCConfigurationList;
			buildConfigurations = (
				3D9E76142AD2E26100412E45 /* Debug */,
				3D9E76152AD2E26100412E45 /* Release */,
			);
			defaultConfigurationIsVisible = 0;
			defaultConfigurationName = Release;
		};
		3D9E76162AD2E26100412E45 /* Build configuration list for PBXNativeTarget "PresentMe" */ = {
			isa = XCConfigurationList;
			buildConfigurations = (
				3D9E76172AD2E26100412E45 /* Debug */,
				3D9E76182AD2E26100412E45 /* Release */,
			);
			defaultConfigurationIsVisible = 0;
			defaultConfigurationName = Release;
		};
		3D9E76192AD2E26100412E45 /* Build configuration list for PBXNativeTarget "PresentMeTests" */ = {
			isa = XCConfigurationList;
			buildConfigurations = (
				3D9E761A2AD2E26100412E45 /* Debug */,
				3D9E761B2AD2E26100412E45 /* Release */,
			);
			defaultConfigurationIsVisible = 0;
			defaultConfigurationName = Release;
		};
		3D9E761C2AD2E26100412E45 /* Build configuration list for PBXNativeTarget "PresentMeUITests" */ = {
			isa = XCConfigurationList;
			buildConfigurations = (
				3D9E761D2AD2E26100412E45 /* Debug */,
				3D9E761E2AD2E26100412E45 /* Release */,
			);
			defaultConfigurationIsVisible = 0;
			defaultConfigurationName = Release;
		};
/* End XCConfigurationList section */
	};
	rootObject = 3D9E75EA2AD2E26000412E45 /* Project object */;
}
